
Microsoft Visual Studio Solution File, Format Version 12.00
# Visual Studio 15
VisualStudioVersion = 15.0.27703.2035
MinimumVisualStudioVersion = 10.0.40219.1
Project("{888888A0-9F3D-457C-B088-3A5042F75D52}") = "tile", "tile\tile.pyproj", "{4D37EC21-52C9-4519-8D94-0C2C55B61599}"
EndProject
Global
	GlobalSection(SolutionConfigurationPlatforms) = preSolution
		Debug|Any CPU = Debug|Any CPU
		Release|Any CPU = Release|Any CPU
	EndGlobalSection
	GlobalSection(ProjectConfigurationPlatforms) = postSolution
		{4D37EC21-52C9-4519-8D94-0C2C55B61599}.Debug|Any CPU.ActiveCfg = Debug|Any CPU
		{4D37EC21-52C9-4519-8D94-0C2C55B61599}.Release|Any CPU.ActiveCfg = Release|Any CPU
	EndGlobalSection
	GlobalSection(SolutionProperties) = preSolution
		HideSolutionNode = FALSE
	EndGlobalSection
	GlobalSection(ExtensibilityGlobals) = postSolution
		SolutionGuid = {345E1C5D-7342-4F82-8E8C-6895E018BBC1}
	EndGlobalSection
EndGlobal
